
Microsoft Visual Studio Solution File, Format Version 12.00
Project("{2150E333-8FDC-42A3-9474-1A3956D46DE8}") = "Assets", "Assets", "{6238E320-EE4C-D029-EFFE-AD85B0DD0E70}"
	ProjectSection(SolutionItems) = preProject
		Common.Build.props = Common.Build.props
		nuget.config = nuget.config
		.gitignore = .gitignore
		.gitattributes = .gitattributes
		ReadMe.md = ReadMe.md
		Benchmarks.Build.props = Benchmarks.Build.props
		Examples.Build.props = Examples.Build.props
		Logo512.png = Logo512.png
		Sources.Build.props = Sources.Build.props
		Tests.Build.props = Tests.Build.props
		Directory.Packages.props = Directory.Packages.props
		Icon64.png = Icon64.png
		License.md = License.md
	EndProjectSection
EndProject
Project("{2150E333-8FDC-42A3-9474-1A3956D46DE8}") = "Benchmarks", "Benchmarks", "{72AC464F-63B3-964F-C686-0B1ED26D9D4C}"
EndProject
Project("{FAE04EC0-301F-11D3-BF4B-00C04F79EFBC}") = "Falko.Talkie.Benchmarks.Sequences", "Benchmarks\Falko.Talkie.Benchmarks.Sequences\Falko.Talkie.Benchmarks.Sequences.csproj", "{F49A3119-94B3-7E9D-AF08-46AF621124CC}"
EndProject
Project("{2150E333-8FDC-42A3-9474-1A3956D46DE8}") = "Examples", "Examples", "{04BF01EB-A0C9-A7E8-1C45-816513DF424F}"
EndProject
Project("{FAE04EC0-301F-11D3-BF4B-00C04F79EFBC}") = "Falko.Talkie.Examples.Microsoft.Hosting", "Examples\Falko.Talkie.Examples.Microsoft.Hosting\Falko.Talkie.Examples.Microsoft.Hosting.csproj", "{E5CE9730-8A3B-6EAA-1F42-B5FCBDF0843A}"
EndProject
Project("{2150E333-8FDC-42A3-9474-1A3956D46DE8}") = "Sources", "Sources", "{E36BB52E-D9C2-DA3C-B0C5-2E677E3167DF}"
EndProject
Project("{FAE04EC0-301F-11D3-BF4B-00C04F79EFBC}") = "Falko.Talkie.Bridges.Telegram", "Sources\Falko.Talkie.Bridges.Telegram\Falko.Talkie.Bridges.Telegram.csproj", "{2376C083-2017-FA43-D643-BDEC7434D733}"
EndProject
Project("{FAE04EC0-301F-11D3-BF4B-00C04F79EFBC}") = "Falko.Talkie.Core", "Sources\Falko.Talkie.Core\Falko.Talkie.Core.csproj", "{EE184AA3-5725-20E2-6C37-AD991E24E7F7}"
EndProject
Project("{FAE04EC0-301F-11D3-BF4B-00C04F79EFBC}") = "Falko.Talkie.Microsoft.Hosting", "Sources\Falko.Talkie.Microsoft.Hosting\Falko.Talkie.Microsoft.Hosting.csproj", "{3AD699A8-31C8-138E-7A6B-0E5B7F73389A}"
EndProject
Project("{FAE04EC0-301F-11D3-BF4B-00C04F79EFBC}") = "Falko.Talkie.Platforms.Telegram", "Sources\Falko.Talkie.Platforms.Telegram\Falko.Talkie.Platforms.Telegram.csproj", "{F1786BF7-5E62-CA80-8FD3-BE84154FF8F8}"
EndProject
Project("{FAE04EC0-301F-11D3-BF4B-00C04F79EFBC}") = "Falko.Talkie.Platforms", "Sources\Falko.Talkie.Platforms\Falko.Talkie.Platforms.csproj", "{0B543AE2-1685-7F4B-7AA1-7C7D4B2D35F5}"
EndProject
Project("{FAE04EC0-301F-11D3-BF4B-00C04F79EFBC}") = "Falko.Talkie.Signals.Adapters", "Sources\Falko.Talkie.Signals.Adapters\Falko.Talkie.Signals.Adapters.csproj", "{D301063E-A124-A6ED-4707-D360C94AB865}"
EndProject
Project("{FAE04EC0-301F-11D3-BF4B-00C04F79EFBC}") = "Falko.Talkie.Signals.Connections", "Sources\Falko.Talkie.Signals.Connections\Falko.Talkie.Signals.Connections.csproj", "{ED0BDC22-CC7B-FA40-D73F-DAEAC53BF9F2}"
EndProject
Project("{FAE04EC0-301F-11D3-BF4B-00C04F79EFBC}") = "Falko.Talkie.Signals.Extensions", "Sources\Falko.Talkie.Signals.Extensions\Falko.Talkie.Signals.Extensions.csproj", "{92219BD0-EEBE-6E91-F28C-CA8DBCABE057}"
EndProject
Project("{FAE04EC0-301F-11D3-BF4B-00C04F79EFBC}") = "Falko.Talkie.Signals", "Sources\Falko.Talkie.Signals\Falko.Talkie.Signals.csproj", "{FDDD8B4D-EBFD-7864-D2C1-334A26FC1DAE}"
EndProject
Project("{2150E333-8FDC-42A3-9474-1A3956D46DE8}") = "Tests", "Tests", "{11ECFD39-D994-1242-B871-A28B2AA04A73}"
EndProject
Project("{FAE04EC0-301F-11D3-BF4B-00C04F79EFBC}") = "Falko.Talkie.Tests.Sequences", "Tests\Falko.Talkie.Tests.Sequences\Falko.Talkie.Tests.Sequences.csproj", "{8C90B910-2E79-CBFA-F9BE-9B154B656B71}"
EndProject
Global
	GlobalSection(SolutionConfigurationPlatforms) = preSolution
		Debug|Any CPU = Debug|Any CPU
		Release|Any CPU = Release|Any CPU
	EndGlobalSection
	GlobalSection(ProjectConfigurationPlatforms) = postSolution
		{F49A3119-94B3-7E9D-AF08-46AF621124CC}.Debug|Any CPU.ActiveCfg = Debug|Any CPU
		{F49A3119-94B3-7E9D-AF08-46AF621124CC}.Debug|Any CPU.Build.0 = Debug|Any CPU
		{F49A3119-94B3-7E9D-AF08-46AF621124CC}.Release|Any CPU.ActiveCfg = Release|Any CPU
		{F49A3119-94B3-7E9D-AF08-46AF621124CC}.Release|Any CPU.Build.0 = Release|Any CPU
		{E5CE9730-8A3B-6EAA-1F42-B5FCBDF0843A}.Debug|Any CPU.ActiveCfg = Debug|Any CPU
		{E5CE9730-8A3B-6EAA-1F42-B5FCBDF0843A}.Debug|Any CPU.Build.0 = Debug|Any CPU
		{E5CE9730-8A3B-6EAA-1F42-B5FCBDF0843A}.Release|Any CPU.ActiveCfg = Release|Any CPU
		{E5CE9730-8A3B-6EAA-1F42-B5FCBDF0843A}.Release|Any CPU.Build.0 = Release|Any CPU
		{2376C083-2017-FA43-D643-BDEC7434D733}.Debug|Any CPU.ActiveCfg = Debug|Any CPU
		{2376C083-2017-FA43-D643-BDEC7434D733}.Debug|Any CPU.Build.0 = Debug|Any CPU
		{2376C083-2017-FA43-D643-BDEC7434D733}.Release|Any CPU.ActiveCfg = Release|Any CPU
		{2376C083-2017-FA43-D643-BDEC7434D733}.Release|Any CPU.Build.0 = Release|Any CPU
		{EE184AA3-5725-20E2-6C37-AD991E24E7F7}.Debug|Any CPU.ActiveCfg = Debug|Any CPU
		{EE184AA3-5725-20E2-6C37-AD991E24E7F7}.Debug|Any CPU.Build.0 = Debug|Any CPU
		{EE184AA3-5725-20E2-6C37-AD991E24E7F7}.Release|Any CPU.ActiveCfg = Release|Any CPU
		{EE184AA3-5725-20E2-6C37-AD991E24E7F7}.Release|Any CPU.Build.0 = Release|Any CPU
		{3AD699A8-31C8-138E-7A6B-0E5B7F73389A}.Debug|Any CPU.ActiveCfg = Debug|Any CPU
		{3AD699A8-31C8-138E-7A6B-0E5B7F73389A}.Debug|Any CPU.Build.0 = Debug|Any CPU
		{3AD699A8-31C8-138E-7A6B-0E5B7F73389A}.Release|Any CPU.ActiveCfg = Release|Any CPU
		{3AD699A8-31C8-138E-7A6B-0E5B7F73389A}.Release|Any CPU.Build.0 = Release|Any CPU
		{F1786BF7-5E62-CA80-8FD3-BE84154FF8F8}.Debug|Any CPU.ActiveCfg = Debug|Any CPU
		{F1786BF7-5E62-CA80-8FD3-BE84154FF8F8}.Debug|Any CPU.Build.0 = Debug|Any CPU
		{F1786BF7-5E62-CA80-8FD3-BE84154FF8F8}.Release|Any CPU.ActiveCfg = Release|Any CPU
		{F1786BF7-5E62-CA80-8FD3-BE84154FF8F8}.Release|Any CPU.Build.0 = Release|Any CPU
		{0B543AE2-1685-7F4B-7AA1-7C7D4B2D35F5}.Debug|Any CPU.ActiveCfg = Debug|Any CPU
		{0B543AE2-1685-7F4B-7AA1-7C7D4B2D35F5}.Debug|Any CPU.Build.0 = Debug|Any CPU
		{0B543AE2-1685-7F4B-7AA1-7C7D4B2D35F5}.Release|Any CPU.ActiveCfg = Release|Any CPU
		{0B543AE2-1685-7F4B-7AA1-7C7D4B2D35F5}.Release|Any CPU.Build.0 = Release|Any CPU
		{D301063E-A124-A6ED-4707-D360C94AB865}.Debug|Any CPU.ActiveCfg = Debug|Any CPU
		{D301063E-A124-A6ED-4707-D360C94AB865}.Debug|Any CPU.Build.0 = Debug|Any CPU
		{D301063E-A124-A6ED-4707-D360C94AB865}.Release|Any CPU.ActiveCfg = Release|Any CPU
		{D301063E-A124-A6ED-4707-D360C94AB865}.Release|Any CPU.Build.0 = Release|Any CPU
		{ED0BDC22-CC7B-FA40-D73F-DAEAC53BF9F2}.Debug|Any CPU.ActiveCfg = Debug|Any CPU
		{ED0BDC22-CC7B-FA40-D73F-DAEAC53BF9F2}.Debug|Any CPU.Build.0 = Debug|Any CPU
		{ED0BDC22-CC7B-FA40-D73F-DAEAC53BF9F2}.Release|Any CPU.ActiveCfg = Release|Any CPU
		{ED0BDC22-CC7B-FA40-D73F-DAEAC53BF9F2}.Release|Any CPU.Build.0 = Release|Any CPU
		{92219BD0-EEBE-6E91-F28C-CA8DBCABE057}.Debug|Any CPU.ActiveCfg = Debug|Any CPU
		{92219BD0-EEBE-6E91-F28C-CA8DBCABE057}.Debug|Any CPU.Build.0 = Debug|Any CPU
		{92219BD0-EEBE-6E91-F28C-CA8DBCABE057}.Release|Any CPU.ActiveCfg = Release|Any CPU
		{92219BD0-EEBE-6E91-F28C-CA8DBCABE057}.Release|Any CPU.Build.0 = Release|Any CPU
		{FDDD8B4D-EBFD-7864-D2C1-334A26FC1DAE}.Debug|Any CPU.ActiveCfg = Debug|Any CPU
		{FDDD8B4D-EBFD-7864-D2C1-334A26FC1DAE}.Debug|Any CPU.Build.0 = Debug|Any CPU
		{FDDD8B4D-EBFD-7864-D2C1-334A26FC1DAE}.Release|Any CPU.ActiveCfg = Release|Any CPU
		{FDDD8B4D-EBFD-7864-D2C1-334A26FC1DAE}.Release|Any CPU.Build.0 = Release|Any CPU
		{8C90B910-2E79-CBFA-F9BE-9B154B656B71}.Debug|Any CPU.ActiveCfg = Debug|Any CPU
		{8C90B910-2E79-CBFA-F9BE-9B154B656B71}.Debug|Any CPU.Build.0 = Debug|Any CPU
		{8C90B910-2E79-CBFA-F9BE-9B154B656B71}.Release|Any CPU.ActiveCfg = Release|Any CPU
		{8C90B910-2E79-CBFA-F9BE-9B154B656B71}.Release|Any CPU.Build.0 = Release|Any CPU
	EndGlobalSection
	GlobalSection(NestedProjects) = preSolution
		{F49A3119-94B3-7E9D-AF08-46AF621124CC} = {72AC464F-63B3-964F-C686-0B1ED26D9D4C}
		{E5CE9730-8A3B-6EAA-1F42-B5FCBDF0843A} = {04BF01EB-A0C9-A7E8-1C45-816513DF424F}
		{2376C083-2017-FA43-D643-BDEC7434D733} = {E36BB52E-D9C2-DA3C-B0C5-2E677E3167DF}
		{EE184AA3-5725-20E2-6C37-AD991E24E7F7} = {E36BB52E-D9C2-DA3C-B0C5-2E677E3167DF}
		{3AD699A8-31C8-138E-7A6B-0E5B7F73389A} = {E36BB52E-D9C2-DA3C-B0C5-2E677E3167DF}
		{F1786BF7-5E62-CA80-8FD3-BE84154FF8F8} = {E36BB52E-D9C2-DA3C-B0C5-2E677E3167DF}
		{0B543AE2-1685-7F4B-7AA1-7C7D4B2D35F5} = {E36BB52E-D9C2-DA3C-B0C5-2E677E3167DF}
		{D301063E-A124-A6ED-4707-D360C94AB865} = {E36BB52E-D9C2-DA3C-B0C5-2E677E3167DF}
		{ED0BDC22-CC7B-FA40-D73F-DAEAC53BF9F2} = {E36BB52E-D9C2-DA3C-B0C5-2E677E3167DF}
		{92219BD0-EEBE-6E91-F28C-CA8DBCABE057} = {E36BB52E-D9C2-DA3C-B0C5-2E677E3167DF}
		{FDDD8B4D-EBFD-7864-D2C1-334A26FC1DAE} = {E36BB52E-D9C2-DA3C-B0C5-2E677E3167DF}
		{8C90B910-2E79-CBFA-F9BE-9B154B656B71} = {11ECFD39-D994-1242-B871-A28B2AA04A73}
	EndGlobalSection
EndGlobal
