
Microsoft Visual Studio Solution File, Format Version 12.00
Project("{2150E333-8FDC-42A3-9474-1A3956D46DE8}") = "Sources", "Sources", "{71996DB2-3C64-47AD-8956-FFE6024886D8}"
EndProject
Project("{2150E333-8FDC-42A3-9474-1A3956D46DE8}") = "Assets", "Assets", "{A9CB452E-D878-4F88-B390-78310EF6ED47}"
	ProjectSection(SolutionItems) = preProject
		Common.Build.props = Common.Build.props
		nuget.config = nuget.config
		.gitignore = .gitignore
		.gitattributes = .gitattributes
		ReadMe.md = ReadMe.md
		Benchmarks.Build.props = Benchmarks.Build.props
		Examples.Build.props = Examples.Build.props
		Logo512.png = Logo512.png
		Sources.Build.props = Sources.Build.props
		Tests.Build.props = Tests.Build.props
		Tests.Packages.props = Tests.Packages.props
		Benchmarks.Packages.props = Benchmarks.Packages.props
		Examples.Packages.props = Examples.Packages.props
		.github/Funding.yml = .github/Funding.yml
		Icon64.png = Icon64.png
	EndProjectSection
EndProject
Project("{FAE04EC0-301F-11D3-BF4B-00C04F79EFBC}") = "Falko.Unibot.Core", "Sources\Falko.Unibot.Core\Falko.Unibot.Core.csproj", "{696A99D6-3EFD-4EF9-9ECC-EE30F051EE87}"
EndProject
Project("{FAE04EC0-301F-11D3-BF4B-00C04F79EFBC}") = "Falko.Unibot.Signals", "Sources\Falko.Unibot.Signals\Falko.Unibot.Signals.csproj", "{67DE8184-0444-4B6C-9570-3BDF1FD94276}"
EndProject
Project("{2150E333-8FDC-42A3-9474-1A3956D46DE8}") = "Examples", "Examples", "{DE9BDD77-C26B-4618-9723-E176586CFBCC}"
EndProject
Project("{2150E333-8FDC-42A3-9474-1A3956D46DE8}") = "Benchmarks", "Benchmarks", "{057D15CE-3FA1-41A1-8C15-8832D4A33611}"
EndProject
Project("{FAE04EC0-301F-11D3-BF4B-00C04F79EFBC}") = "Falko.Unibot.Benchmarks.Sequences", "Benchmarks\Falko.Unibot.Benchmarks.Sequences\Falko.Unibot.Benchmarks.Sequences.csproj", "{CAD7A274-0631-4CB8-8D7C-35D7E03FA760}"
EndProject
Project("{2150E333-8FDC-42A3-9474-1A3956D46DE8}") = "Tests", "Tests", "{6CCA9BF3-E306-428F-9B49-3BF4779DE028}"
EndProject
Project("{FAE04EC0-301F-11D3-BF4B-00C04F79EFBC}") = "Falko.Unibot.Tests.Sequences", "Tests\Falko.Unibot.Tests.Sequences\Falko.Unibot.Tests.Sequences.csproj", "{4BA068AD-BB4B-40AC-B5C6-771EA1CF19C7}"
EndProject
Project("{FAE04EC0-301F-11D3-BF4B-00C04F79EFBC}") = "Falko.Unibot.Signals.Extensions", "Sources\Falko.Unibot.Signals.Extensions\Falko.Unibot.Signals.Extensions.csproj", "{4F6613AA-A7DE-43BB-81BA-700F8A2DE765}"
EndProject
Project("{FAE04EC0-301F-11D3-BF4B-00C04F79EFBC}") = "Falko.Unibot.Platform", "Sources\Falko.Unibot.Platform\Falko.Unibot.Platform.csproj", "{DFB41BB0-49E7-4F7C-968D-282E92A46D3D}"
EndProject
Project("{FAE04EC0-301F-11D3-BF4B-00C04F79EFBC}") = "Falko.Unibot.Platform.Telegram", "Sources\Falko.Unibot.Platform.Telegram\Falko.Unibot.Platform.Telegram.csproj", "{791B0028-509B-41CA-AA0C-08630A0D397A}"
EndProject
Project("{FAE04EC0-301F-11D3-BF4B-00C04F79EFBC}") = "Falko.Unibot.Examples.SimpleTelegramBot", "Examples\Falko.Unibot.Examples.SimpleTelegramBot\Falko.Unibot.Examples.SimpleTelegramBot.csproj", "{70165E7E-EA74-4F28-8E63-89F181C76CC7}"
EndProject
Project("{FAE04EC0-301F-11D3-BF4B-00C04F79EFBC}") = "Falko.Unibot.Signals.Connections", "Sources\Falko.Unibot.Signals.Connections\Falko.Unibot.Signals.Connections.csproj", "{61BAF50C-1232-4694-9374-A4930A0EC111}"
EndProject
Project("{FAE04EC0-301F-11D3-BF4B-00C04F79EFBC}") = "Falko.Unibot.Signals.Adapters", "Sources\Falko.Unibot.Signals.Adapters\Falko.Unibot.Signals.Adapters.csproj", "{32351F71-4633-41A3-81CE-1BD70C5028C6}"
EndProject
Project("{FAE04EC0-301F-11D3-BF4B-00C04F79EFBC}") = "Falko.Unibot.Bridges.Telegram", "Sources\Falko.Unibot.Bridges.Telegram\Falko.Unibot.Bridges.Telegram.csproj", "{1BAA0E4A-072F-4DEA-9820-17D796542F01}"
EndProject
Global
	GlobalSection(SolutionConfigurationPlatforms) = preSolution
		Debug|Any CPU = Debug|Any CPU
		Release|Any CPU = Release|Any CPU
	EndGlobalSection
	GlobalSection(NestedProjects) = preSolution
		{696A99D6-3EFD-4EF9-9ECC-EE30F051EE87} = {71996DB2-3C64-47AD-8956-FFE6024886D8}
		{67DE8184-0444-4B6C-9570-3BDF1FD94276} = {71996DB2-3C64-47AD-8956-FFE6024886D8}
		{CAD7A274-0631-4CB8-8D7C-35D7E03FA760} = {057D15CE-3FA1-41A1-8C15-8832D4A33611}
		{4BA068AD-BB4B-40AC-B5C6-771EA1CF19C7} = {6CCA9BF3-E306-428F-9B49-3BF4779DE028}
		{4F6613AA-A7DE-43BB-81BA-700F8A2DE765} = {71996DB2-3C64-47AD-8956-FFE6024886D8}
		{DFB41BB0-49E7-4F7C-968D-282E92A46D3D} = {71996DB2-3C64-47AD-8956-FFE6024886D8}
		{791B0028-509B-41CA-AA0C-08630A0D397A} = {71996DB2-3C64-47AD-8956-FFE6024886D8}
		{70165E7E-EA74-4F28-8E63-89F181C76CC7} = {DE9BDD77-C26B-4618-9723-E176586CFBCC}
		{61BAF50C-1232-4694-9374-A4930A0EC111} = {71996DB2-3C64-47AD-8956-FFE6024886D8}
		{32351F71-4633-41A3-81CE-1BD70C5028C6} = {71996DB2-3C64-47AD-8956-FFE6024886D8}
		{1BAA0E4A-072F-4DEA-9820-17D796542F01} = {71996DB2-3C64-47AD-8956-FFE6024886D8}
	EndGlobalSection
	GlobalSection(ProjectConfigurationPlatforms) = postSolution
		{696A99D6-3EFD-4EF9-9ECC-EE30F051EE87}.Debug|Any CPU.ActiveCfg = Debug|Any CPU
		{696A99D6-3EFD-4EF9-9ECC-EE30F051EE87}.Debug|Any CPU.Build.0 = Debug|Any CPU
		{696A99D6-3EFD-4EF9-9ECC-EE30F051EE87}.Release|Any CPU.ActiveCfg = Release|Any CPU
		{696A99D6-3EFD-4EF9-9ECC-EE30F051EE87}.Release|Any CPU.Build.0 = Release|Any CPU
		{67DE8184-0444-4B6C-9570-3BDF1FD94276}.Debug|Any CPU.ActiveCfg = Debug|Any CPU
		{67DE8184-0444-4B6C-9570-3BDF1FD94276}.Debug|Any CPU.Build.0 = Debug|Any CPU
		{67DE8184-0444-4B6C-9570-3BDF1FD94276}.Release|Any CPU.ActiveCfg = Release|Any CPU
		{67DE8184-0444-4B6C-9570-3BDF1FD94276}.Release|Any CPU.Build.0 = Release|Any CPU
		{CAD7A274-0631-4CB8-8D7C-35D7E03FA760}.Debug|Any CPU.ActiveCfg = Debug|Any CPU
		{CAD7A274-0631-4CB8-8D7C-35D7E03FA760}.Debug|Any CPU.Build.0 = Debug|Any CPU
		{CAD7A274-0631-4CB8-8D7C-35D7E03FA760}.Release|Any CPU.ActiveCfg = Release|Any CPU
		{CAD7A274-0631-4CB8-8D7C-35D7E03FA760}.Release|Any CPU.Build.0 = Release|Any CPU
		{4BA068AD-BB4B-40AC-B5C6-771EA1CF19C7}.Debug|Any CPU.ActiveCfg = Debug|Any CPU
		{4BA068AD-BB4B-40AC-B5C6-771EA1CF19C7}.Debug|Any CPU.Build.0 = Debug|Any CPU
		{4BA068AD-BB4B-40AC-B5C6-771EA1CF19C7}.Release|Any CPU.ActiveCfg = Release|Any CPU
		{4BA068AD-BB4B-40AC-B5C6-771EA1CF19C7}.Release|Any CPU.Build.0 = Release|Any CPU
		{4F6613AA-A7DE-43BB-81BA-700F8A2DE765}.Debug|Any CPU.ActiveCfg = Debug|Any CPU
		{4F6613AA-A7DE-43BB-81BA-700F8A2DE765}.Debug|Any CPU.Build.0 = Debug|Any CPU
		{4F6613AA-A7DE-43BB-81BA-700F8A2DE765}.Release|Any CPU.ActiveCfg = Release|Any CPU
		{4F6613AA-A7DE-43BB-81BA-700F8A2DE765}.Release|Any CPU.Build.0 = Release|Any CPU
		{DFB41BB0-49E7-4F7C-968D-282E92A46D3D}.Debug|Any CPU.ActiveCfg = Debug|Any CPU
		{DFB41BB0-49E7-4F7C-968D-282E92A46D3D}.Debug|Any CPU.Build.0 = Debug|Any CPU
		{DFB41BB0-49E7-4F7C-968D-282E92A46D3D}.Release|Any CPU.ActiveCfg = Release|Any CPU
		{DFB41BB0-49E7-4F7C-968D-282E92A46D3D}.Release|Any CPU.Build.0 = Release|Any CPU
		{791B0028-509B-41CA-AA0C-08630A0D397A}.Debug|Any CPU.ActiveCfg = Debug|Any CPU
		{791B0028-509B-41CA-AA0C-08630A0D397A}.Debug|Any CPU.Build.0 = Debug|Any CPU
		{791B0028-509B-41CA-AA0C-08630A0D397A}.Release|Any CPU.ActiveCfg = Release|Any CPU
		{791B0028-509B-41CA-AA0C-08630A0D397A}.Release|Any CPU.Build.0 = Release|Any CPU
		{70165E7E-EA74-4F28-8E63-89F181C76CC7}.Debug|Any CPU.ActiveCfg = Debug|Any CPU
		{70165E7E-EA74-4F28-8E63-89F181C76CC7}.Debug|Any CPU.Build.0 = Debug|Any CPU
		{70165E7E-EA74-4F28-8E63-89F181C76CC7}.Release|Any CPU.ActiveCfg = Release|Any CPU
		{70165E7E-EA74-4F28-8E63-89F181C76CC7}.Release|Any CPU.Build.0 = Release|Any CPU
		{61BAF50C-1232-4694-9374-A4930A0EC111}.Debug|Any CPU.ActiveCfg = Debug|Any CPU
		{61BAF50C-1232-4694-9374-A4930A0EC111}.Debug|Any CPU.Build.0 = Debug|Any CPU
		{61BAF50C-1232-4694-9374-A4930A0EC111}.Release|Any CPU.ActiveCfg = Release|Any CPU
		{61BAF50C-1232-4694-9374-A4930A0EC111}.Release|Any CPU.Build.0 = Release|Any CPU
		{32351F71-4633-41A3-81CE-1BD70C5028C6}.Debug|Any CPU.ActiveCfg = Debug|Any CPU
		{32351F71-4633-41A3-81CE-1BD70C5028C6}.Debug|Any CPU.Build.0 = Debug|Any CPU
		{32351F71-4633-41A3-81CE-1BD70C5028C6}.Release|Any CPU.ActiveCfg = Release|Any CPU
		{32351F71-4633-41A3-81CE-1BD70C5028C6}.Release|Any CPU.Build.0 = Release|Any CPU
		{1BAA0E4A-072F-4DEA-9820-17D796542F01}.Debug|Any CPU.ActiveCfg = Debug|Any CPU
		{1BAA0E4A-072F-4DEA-9820-17D796542F01}.Debug|Any CPU.Build.0 = Debug|Any CPU
		{1BAA0E4A-072F-4DEA-9820-17D796542F01}.Release|Any CPU.ActiveCfg = Release|Any CPU
		{1BAA0E4A-072F-4DEA-9820-17D796542F01}.Release|Any CPU.Build.0 = Release|Any CPU
	EndGlobalSection
EndGlobal
